
Microsoft Visual Studio Solution File, Format Version 12.00
# Visual Studio 2012
Project("{8BC9CEB8-8B4A-11D0-8D11-00A0C91BC942}") = "ME635_AC_SIM_SPQ", "ME635_AC_SIM_SPQ\ME635_AC_SIM_SPQ.vcxproj", "{6EAAD4AD-17A7-4911-BB74-2232A5A1ECE3}"
EndProject
Global
	GlobalSection(SolutionConfigurationPlatforms) = preSolution
		Debug|Win32 = Debug|Win32
		Release|Win32 = Release|Win32
	EndGlobalSection
	GlobalSection(ProjectConfigurationPlatforms) = postSolution
		{6EAAD4AD-17A7-4911-BB74-2232A5A1ECE3}.Debug|Win32.ActiveCfg = Debug|Win32
		{6EAAD4AD-17A7-4911-BB74-2232A5A1ECE3}.Debug|Win32.Build.0 = Debug|Win32
		{6EAAD4AD-17A7-4911-BB74-2232A5A1ECE3}.Release|Win32.ActiveCfg = Release|Win32
		{6EAAD4AD-17A7-4911-BB74-2232A5A1ECE3}.Release|Win32.Build.0 = Release|Win32
	EndGlobalSection
	GlobalSection(SolutionProperties) = preSolution
		HideSolutionNode = FALSE
	EndGlobalSection
EndGlobal
